// !$*UTF8*$!
{
	archiveVersion = 1;
	classes = {
	};
	objectVersion = 77;
	objects = {

/* Begin PBXBuildFile section */
		5A9E21FA2E41AEF9009C4511 /* SwiftUI.framework in Frameworks */ = {isa = PBXBuildFile; fileRef = 5A9E21F92E41AEF9009C4511 /* SwiftUI.framework */; };
		5A9E21FC2E41AF00009C4511 /* WidgetKit.framework in Frameworks */ = {isa = PBXBuildFile; fileRef = 5A9E21FB2E41AF00009C4511 /* WidgetKit.framework */; };
		5A9E22022E41B1BA009C4511 /* WidgetKit.framework in Frameworks */ = {isa = PBXBuildFile; fileRef = 5A9E21FB2E41AF00009C4511 /* WidgetKit.framework */; };
		5A9E22032E41B1BA009C4511 /* SwiftUI.framework in Frameworks */ = {isa = PBXBuildFile; fileRef = 5A9E21F92E41AEF9009C4511 /* SwiftUI.framework */; };
		5A9E22122E41B1BB009C4511 /* network-monitor-widgetExtension.appex in Embed Foundation Extensions */ = {isa = PBXBuildFile; fileRef = 5A9E22012E41B1BA009C4511 /* network-monitor-widgetExtension.appex */; settings = {ATTRIBUTES = (RemoveHeadersOnCopy, ); }; };
/* End PBXBuildFile section */

/* Begin PBXContainerItemProxy section */
		5A3AE38A2E4197D20023CB4C /* PBXContainerItemProxy */ = {
			isa = PBXContainerItemProxy;
			containerPortal = 5A3AE3732E4197D10023CB4C /* Project object */;
			proxyType = 1;
			remoteGlobalIDString = 5A3AE37A2E4197D10023CB4C;
			remoteInfo = "network-monitor";
		};
		5A3AE3942E4197D20023CB4C /* PBXContainerItemProxy */ = {
			isa = PBXContainerItemProxy;
			containerPortal = 5A3AE3732E4197D10023CB4C /* Project object */;
			proxyType = 1;
			remoteGlobalIDString = 5A3AE37A2E4197D10023CB4C;
			remoteInfo = "network-monitor";
		};
		5A48523E2E419AD700065E79 /* PBXContainerItemProxy */ = {
			isa = PBXContainerItemProxy;
			containerPortal = 5A3AE3732E4197D10023CB4C /* Project object */;
			proxyType = 1;
			remoteGlobalIDString = 5A3AE3A72E4197D30023CB4C;
			remoteInfo = NetworkStatsWidget;
		};
		5A9E22102E41B1BB009C4511 /* PBXContainerItemProxy */ = {
			isa = PBXContainerItemProxy;
			containerPortal = 5A3AE3732E4197D10023CB4C /* Project object */;
			proxyType = 1;
			remoteGlobalIDString = 5A9E22002E41B1BA009C4511;
			remoteInfo = "network-monitor-widgetExtension";
		};
/* End PBXContainerItemProxy section */

/* Begin PBXCopyFilesBuildPhase section */
		5A3AE3B12E4197D30023CB4C /* Embed Foundation Extensions */ = {
			isa = PBXCopyFilesBuildPhase;
			buildActionMask = 2147483647;
			dstPath = "";
			dstSubfolderSpec = 13;
			files = (
				5A9E22122E41B1BB009C4511 /* network-monitor-widgetExtension.appex in Embed Foundation Extensions */,
			);
			name = "Embed Foundation Extensions";
			runOnlyForDeploymentPostprocessing = 0;
		};
/* End PBXCopyFilesBuildPhase section */

/* Begin PBXFileReference section */
		5A3AE37B2E4197D10023CB4C /* network-monitor.app */ = {isa = PBXFileReference; explicitFileType = wrapper.application; includeInIndex = 0; path = "network-monitor.app"; sourceTree = BUILT_PRODUCTS_DIR; };
		5A3AE3892E4197D20023CB4C /* network-monitorTests.xctest */ = {isa = PBXFileReference; explicitFileType = wrapper.cfbundle; includeInIndex = 0; path = "network-monitorTests.xctest"; sourceTree = BUILT_PRODUCTS_DIR; };
		5A3AE3932E4197D20023CB4C /* network-monitorUITests.xctest */ = {isa = PBXFileReference; explicitFileType = wrapper.cfbundle; includeInIndex = 0; path = "network-monitorUITests.xctest"; sourceTree = BUILT_PRODUCTS_DIR; };
		5A3AE3A82E4197D30023CB4C /* NetworkStatsWidget.appex */ = {isa = PBXFileReference; explicitFileType = "wrapper.app-extension"; includeInIndex = 0; path = NetworkStatsWidget.appex; sourceTree = BUILT_PRODUCTS_DIR; };
		5A9E1FAE2E41A968009C4511 /* WidgetKit.framework */ = {isa = PBXFileReference; lastKnownFileType = wrapper.framework; name = WidgetKit.framework; path = System/Library/Frameworks/WidgetKit.framework; sourceTree = SDKROOT; };
		5A9E1FB02E41A968009C4511 /* SwiftUI.framework */ = {isa = PBXFileReference; lastKnownFileType = wrapper.framework; name = SwiftUI.framework; path = System/Library/Frameworks/SwiftUI.framework; sourceTree = SDKROOT; };
		5A9E21F92E41AEF9009C4511 /* SwiftUI.framework */ = {isa = PBXFileReference; lastKnownFileType = wrapper.framework; name = SwiftUI.framework; path = Platforms/iPhoneOS.platform/Developer/SDKs/iPhoneOS18.5.sdk/System/Library/Frameworks/SwiftUI.framework; sourceTree = DEVELOPER_DIR; };
		5A9E21FB2E41AF00009C4511 /* WidgetKit.framework */ = {isa = PBXFileReference; lastKnownFileType = wrapper.framework; name = WidgetKit.framework; path = Platforms/iPhoneOS.platform/Developer/SDKs/iPhoneOS18.5.sdk/System/Library/Frameworks/WidgetKit.framework; sourceTree = DEVELOPER_DIR; };
		5A9E22012E41B1BA009C4511 /* network-monitor-widgetExtension.appex */ = {isa = PBXFileReference; explicitFileType = "wrapper.app-extension"; includeInIndex = 0; path = "network-monitor-widgetExtension.appex"; sourceTree = BUILT_PRODUCTS_DIR; };
/* End PBXFileReference section */

/* Begin PBXFileSystemSynchronizedBuildFileExceptionSet section */
		5A9E22132E41B1BB009C4511 /* Exceptions for "network-monitor-widget" folder in "network-monitor-widgetExtension" target */ = {
			isa = PBXFileSystemSynchronizedBuildFileExceptionSet;
			membershipExceptions = (
				Info.plist,
			);
			target = 5A9E22002E41B1BA009C4511 /* network-monitor-widgetExtension */;
		};
/* End PBXFileSystemSynchronizedBuildFileExceptionSet section */

/* Begin PBXFileSystemSynchronizedRootGroup section */
		5A3AE37D2E4197D10023CB4C /* network-monitor */ = {
			isa = PBXFileSystemSynchronizedRootGroup;
			path = "network-monitor";
			sourceTree = "<group>";
		};
		5A3AE38C2E4197D20023CB4C /* network-monitorTests */ = {
			isa = PBXFileSystemSynchronizedRootGroup;
			path = "network-monitorTests";
			sourceTree = "<group>";
		};
		5A3AE3962E4197D20023CB4C /* network-monitorUITests */ = {
			isa = PBXFileSystemSynchronizedRootGroup;
			path = "network-monitorUITests";
			sourceTree = "<group>";
		};
		5A9E22042E41B1BA009C4511 /* network-monitor-widget */ = {
			isa = PBXFileSystemSynchronizedRootGroup;
			exceptions = (
				5A9E22132E41B1BB009C4511 /* Exceptions for "network-monitor-widget" folder in "network-monitor-widgetExtension" target */,
			);
			path = "network-monitor-widget";
			sourceTree = "<group>";
		};
/* End PBXFileSystemSynchronizedRootGroup section */

/* Begin PBXFrameworksBuildPhase section */
		5A3AE3782E4197D10023CB4C /* Frameworks */ = {
			isa = PBXFrameworksBuildPhase;
			buildActionMask = 2147483647;
			files = (
			);
			runOnlyForDeploymentPostprocessing = 0;
		};
		5A3AE3862E4197D20023CB4C /* Frameworks */ = {
			isa = PBXFrameworksBuildPhase;
			buildActionMask = 2147483647;
			files = (
			);
			runOnlyForDeploymentPostprocessing = 0;
		};
		5A3AE3902E4197D20023CB4C /* Frameworks */ = {
			isa = PBXFrameworksBuildPhase;
			buildActionMask = 2147483647;
			files = (
			);
			runOnlyForDeploymentPostprocessing = 0;
		};
		5A3AE3A52E4197D30023CB4C /* Frameworks */ = {
			isa = PBXFrameworksBuildPhase;
			buildActionMask = 2147483647;
			files = (
				5A9E21FA2E41AEF9009C4511 /* SwiftUI.framework in Frameworks */,
				5A9E21FC2E41AF00009C4511 /* WidgetKit.framework in Frameworks */,
			);
			runOnlyForDeploymentPostprocessing = 0;
		};
		5A9E21FE2E41B1BA009C4511 /* Frameworks */ = {
			isa = PBXFrameworksBuildPhase;
			buildActionMask = 2147483647;
			files = (
				5A9E22032E41B1BA009C4511 /* SwiftUI.framework in Frameworks */,
				5A9E22022E41B1BA009C4511 /* WidgetKit.framework in Frameworks */,
			);
			runOnlyForDeploymentPostprocessing = 0;
		};
/* End PBXFrameworksBuildPhase section */

/* Begin PBXGroup section */
		5A3AE3722E4197D10023CB4C = {
			isa = PBXGroup;
			children = (
				5A3AE37D2E4197D10023CB4C /* network-monitor */,
				5A3AE38C2E4197D20023CB4C /* network-monitorTests */,
				5A3AE3962E4197D20023CB4C /* network-monitorUITests */,
				5A9E22042E41B1BA009C4511 /* network-monitor-widget */,
				5A9E1FAD2E41A968009C4511 /* Frameworks */,
				5A3AE37C2E4197D10023CB4C /* Products */,
			);
			sourceTree = "<group>";
		};
		5A3AE37C2E4197D10023CB4C /* Products */ = {
			isa = PBXGroup;
			children = (
				5A3AE37B2E4197D10023CB4C /* network-monitor.app */,
				5A3AE3892E4197D20023CB4C /* network-monitorTests.xctest */,
				5A3AE3932E4197D20023CB4C /* network-monitorUITests.xctest */,
				5A3AE3A82E4197D30023CB4C /* NetworkStatsWidget.appex */,
				5A9E22012E41B1BA009C4511 /* network-monitor-widgetExtension.appex */,
			);
			name = Products;
			sourceTree = "<group>";
		};
		5A9E1FAD2E41A968009C4511 /* Frameworks */ = {
			isa = PBXGroup;
			children = (
				5A9E21FB2E41AF00009C4511 /* WidgetKit.framework */,
				5A9E21F92E41AEF9009C4511 /* SwiftUI.framework */,
				5A9E1FAE2E41A968009C4511 /* WidgetKit.framework */,
				5A9E1FB02E41A968009C4511 /* SwiftUI.framework */,
			);
			name = Frameworks;
			sourceTree = "<group>";
		};
/* End PBXGroup section */

/* Begin PBXNativeTarget section */
		5A3AE37A2E4197D10023CB4C /* network-monitor */ = {
			isa = PBXNativeTarget;
			buildConfigurationList = 5A3AE39D2E4197D20023CB4C /* Build configuration list for PBXNativeTarget "network-monitor" */;
			buildPhases = (
				5A3AE3772E4197D10023CB4C /* Sources */,
				5A3AE3782E4197D10023CB4C /* Frameworks */,
				5A3AE3792E4197D10023CB4C /* Resources */,
				5A3AE3B12E4197D30023CB4C /* Embed Foundation Extensions */,
			);
			buildRules = (
			);
			dependencies = (
				5A3AE3B02E4197D30023CB4C /* PBXTargetDependency */,
				5A9E22112E41B1BB009C4511 /* PBXTargetDependency */,
			);
			fileSystemSynchronizedGroups = (
				5A3AE37D2E4197D10023CB4C /* network-monitor */,
			);
			name = "network-monitor";
			packageProductDependencies = (
			);
			productName = "network-monitor";
			productReference = 5A3AE37B2E4197D10023CB4C /* network-monitor.app */;
			productType = "com.apple.product-type.application";
		};
		5A3AE3882E4197D20023CB4C /* network-monitorTests */ = {
			isa = PBXNativeTarget;
			buildConfigurationList = 5A3AE3A02E4197D20023CB4C /* Build configuration list for PBXNativeTarget "network-monitorTests" */;
			buildPhases = (
				5A3AE3852E4197D20023CB4C /* Sources */,
				5A3AE3862E4197D20023CB4C /* Frameworks */,
				5A3AE3872E4197D20023CB4C /* Resources */,
			);
			buildRules = (
			);
			dependencies = (
				5A3AE38B2E4197D20023CB4C /* PBXTargetDependency */,
			);
			fileSystemSynchronizedGroups = (
				5A3AE38C2E4197D20023CB4C /* network-monitorTests */,
			);
			name = "network-monitorTests";
			packageProductDependencies = (
			);
			productName = "network-monitorTests";
			productReference = 5A3AE3892E4197D20023CB4C /* network-monitorTests.xctest */;
			productType = "com.apple.product-type.bundle.unit-test";
		};
		5A3AE3922E4197D20023CB4C /* network-monitorUITests */ = {
			isa = PBXNativeTarget;
			buildConfigurationList = 5A3AE3A32E4197D20023CB4C /* Build configuration list for PBXNativeTarget "network-monitorUITests" */;
			buildPhases = (
				5A3AE38F2E4197D20023CB4C /* Sources */,
				5A3AE3902E4197D20023CB4C /* Frameworks */,
				5A3AE3912E4197D20023CB4C /* Resources */,
			);
			buildRules = (
			);
			dependencies = (
				5A3AE3952E4197D20023CB4C /* PBXTargetDependency */,
			);
			fileSystemSynchronizedGroups = (
				5A3AE3962E4197D20023CB4C /* network-monitorUITests */,
			);
			name = "network-monitorUITests";
			packageProductDependencies = (
			);
			productName = "network-monitorUITests";
			productReference = 5A3AE3932E4197D20023CB4C /* network-monitorUITests.xctest */;
			productType = "com.apple.product-type.bundle.ui-testing";
		};
		5A3AE3A72E4197D30023CB4C /* NetworkStatsWidget */ = {
			isa = PBXNativeTarget;
			buildConfigurationList = 5A3AE3B22E4197D30023CB4C /* Build configuration list for PBXNativeTarget "NetworkStatsWidget" */;
			buildPhases = (
				5A3AE3A42E4197D30023CB4C /* Sources */,
				5A3AE3A52E4197D30023CB4C /* Frameworks */,
				5A3AE3A62E4197D30023CB4C /* Resources */,
			);
			buildRules = (
			);
			dependencies = (
			);
			name = NetworkStatsWidget;
			packageProductDependencies = (
			);
			productName = NetworkStatsWidget;
			productReference = 5A3AE3A82E4197D30023CB4C /* NetworkStatsWidget.appex */;
			productType = "com.apple.product-type.app-extension";
		};
		5A9E22002E41B1BA009C4511 /* network-monitor-widgetExtension */ = {
			isa = PBXNativeTarget;
			buildConfigurationList = 5A9E22142E41B1BB009C4511 /* Build configuration list for PBXNativeTarget "network-monitor-widgetExtension" */;
			buildPhases = (
				5A9E21FD2E41B1BA009C4511 /* Sources */,
				5A9E21FE2E41B1BA009C4511 /* Frameworks */,
				5A9E21FF2E41B1BA009C4511 /* Resources */,
			);
			buildRules = (
			);
			dependencies = (
			);
			fileSystemSynchronizedGroups = (
				5A9E22042E41B1BA009C4511 /* network-monitor-widget */,
			);
			name = "network-monitor-widgetExtension";
			packageProductDependencies = (
			);
			productName = "network-monitor-widgetExtension";
			productReference = 5A9E22012E41B1BA009C4511 /* network-monitor-widgetExtension.appex */;
			productType = "com.apple.product-type.app-extension";
		};
/* End PBXNativeTarget section */

/* Begin PBXProject section */
		5A3AE3732E4197D10023CB4C /* Project object */ = {
			isa = PBXProject;
			attributes = {
				BuildIndependentTargetsInParallel = 1;
				LastSwiftUpdateCheck = 1640;
				LastUpgradeCheck = 1640;
				TargetAttributes = {
					5A3AE37A2E4197D10023CB4C = {
						CreatedOnToolsVersion = 16.4;
					};
					5A3AE3882E4197D20023CB4C = {
						CreatedOnToolsVersion = 16.4;
						TestTargetID = 5A3AE37A2E4197D10023CB4C;
					};
					5A3AE3922E4197D20023CB4C = {
						CreatedOnToolsVersion = 16.4;
						TestTargetID = 5A3AE37A2E4197D10023CB4C;
					};
					5A3AE3A72E4197D30023CB4C = {
						CreatedOnToolsVersion = 16.4;
					};
					5A9E22002E41B1BA009C4511 = {
						CreatedOnToolsVersion = 16.4;
					};
				};
			};
			buildConfigurationList = 5A3AE3762E4197D10023CB4C /* Build configuration list for PBXProject "network-monitor" */;
			developmentRegion = en;
			hasScannedForEncodings = 0;
			knownRegions = (
				en,
				Base,
			);
			mainGroup = 5A3AE3722E4197D10023CB4C;
			minimizedProjectReferenceProxies = 1;
			preferredProjectObjectVersion = 77;
			productRefGroup = 5A3AE37C2E4197D10023CB4C /* Products */;
			projectDirPath = "";
			projectRoot = "";
			targets = (
				5A3AE37A2E4197D10023CB4C /* network-monitor */,
				5A3AE3A72E4197D30023CB4C /* NetworkStatsWidget */,
				5A3AE3882E4197D20023CB4C /* network-monitorTests */,
				5A3AE3922E4197D20023CB4C /* network-monitorUITests */,
				5A9E22002E41B1BA009C4511 /* network-monitor-widgetExtension */,
			);
		};
/* End PBXProject section */

/* Begin PBXResourcesBuildPhase section */
		5A3AE3792E4197D10023CB4C /* Resources */ = {
			isa = PBXResourcesBuildPhase;
			buildActionMask = 2147483647;
			files = (
			);
			runOnlyForDeploymentPostprocessing = 0;
		};
		5A3AE3872E4197D20023CB4C /* Resources */ = {
			isa = PBXResourcesBuildPhase;
			buildActionMask = 2147483647;
			files = (
			);
			runOnlyForDeploymentPostprocessing = 0;
		};
		5A3AE3912E4197D20023CB4C /* Resources */ = {
			isa = PBXResourcesBuildPhase;
			buildActionMask = 2147483647;
			files = (
			);
			runOnlyForDeploymentPostprocessing = 0;
		};
		5A3AE3A62E4197D30023CB4C /* Resources */ = {
			isa = PBXResourcesBuildPhase;
			buildActionMask = 2147483647;
			files = (
			);
			runOnlyForDeploymentPostprocessing = 0;
		};
		5A9E21FF2E41B1BA009C4511 /* Resources */ = {
			isa = PBXResourcesBuildPhase;
			buildActionMask = 2147483647;
			files = (
			);
			runOnlyForDeploymentPostprocessing = 0;
		};
/* End PBXResourcesBuildPhase section */

/* Begin PBXSourcesBuildPhase section */
		5A3AE3772E4197D10023CB4C /* Sources */ = {
			isa = PBXSourcesBuildPhase;
			buildActionMask = 2147483647;
			files = (
			);
			runOnlyForDeploymentPostprocessing = 0;
		};
		5A3AE3852E4197D20023CB4C /* Sources */ = {
			isa = PBXSourcesBuildPhase;
			buildActionMask = 2147483647;
			files = (
			);
			runOnlyForDeploymentPostprocessing = 0;
		};
		5A3AE38F2E4197D20023CB4C /* Sources */ = {
			isa = PBXSourcesBuildPhase;
			buildActionMask = 2147483647;
			files = (
			);
			runOnlyForDeploymentPostprocessing = 0;
		};
		5A3AE3A42E4197D30023CB4C /* Sources */ = {
			isa = PBXSourcesBuildPhase;
			buildActionMask = 2147483647;
			files = (
			);
			runOnlyForDeploymentPostprocessing = 0;
		};
		5A9E21FD2E41B1BA009C4511 /* Sources */ = {
			isa = PBXSourcesBuildPhase;
			buildActionMask = 2147483647;
			files = (
			);
			runOnlyForDeploymentPostprocessing = 0;
		};
/* End PBXSourcesBuildPhase section */

/* Begin PBXTargetDependency section */
		5A3AE38B2E4197D20023CB4C /* PBXTargetDependency */ = {
			isa = PBXTargetDependency;
			target = 5A3AE37A2E4197D10023CB4C /* network-monitor */;
			targetProxy = 5A3AE38A2E4197D20023CB4C /* PBXContainerItemProxy */;
		};
		5A3AE3952E4197D20023CB4C /* PBXTargetDependency */ = {
			isa = PBXTargetDependency;
			target = 5A3AE37A2E4197D10023CB4C /* network-monitor */;
			targetProxy = 5A3AE3942E4197D20023CB4C /* PBXContainerItemProxy */;
		};
		5A3AE3B02E4197D30023CB4C /* PBXTargetDependency */ = {
			isa = PBXTargetDependency;
			target = 5A3AE3A72E4197D30023CB4C /* NetworkStatsWidget */;
			targetProxy = 5A48523E2E419AD700065E79 /* PBXContainerItemProxy */;
		};
		5A9E22112E41B1BB009C4511 /* PBXTargetDependency */ = {
			isa = PBXTargetDependency;
			target = 5A9E22002E41B1BA009C4511 /* network-monitor-widgetExtension */;
			targetProxy = 5A9E22102E41B1BB009C4511 /* PBXContainerItemProxy */;
		};
/* End PBXTargetDependency section */

/* Begin XCBuildConfiguration section */
		5A3AE39B2E4197D20023CB4C /* Debug */ = {
			isa = XCBuildConfiguration;
			buildSettings = {
				ALWAYS_SEARCH_USER_PATHS = NO;
				ASSETCATALOG_COMPILER_GENERATE_SWIFT_ASSET_SYMBOL_EXTENSIONS = YES;
				CLANG_ANALYZER_NONNULL = YES;
				CLANG_ANALYZER_NUMBER_OBJECT_CONVERSION = YES_AGGRESSIVE;
				CLANG_CXX_LANGUAGE_STANDARD = "gnu++20";
				CLANG_ENABLE_MODULES = YES;
				CLANG_ENABLE_OBJC_ARC = YES;
				CLANG_ENABLE_OBJC_WEAK = YES;
				CLANG_WARN_BLOCK_CAPTURE_AUTORELEASING = YES;
				CLANG_WARN_BOOL_CONVERSION = YES;
				CLANG_WARN_COMMA = YES;
				CLANG_WARN_CONSTANT_CONVERSION = YES;
				CLANG_WARN_DEPRECATED_OBJC_IMPLEMENTATIONS = YES;
				CLANG_WARN_DIRECT_OBJC_ISA_USAGE = YES_ERROR;
				CLANG_WARN_DOCUMENTATION_COMMENTS = YES;
				CLANG_WARN_EMPTY_BODY = YES;
				CLANG_WARN_ENUM_CONVERSION = YES;
				CLANG_WARN_INFINITE_RECURSION = YES;
				CLANG_WARN_INT_CONVERSION = YES;
				CLANG_WARN_NON_LITERAL_NULL_CONVERSION = YES;
				CLANG_WARN_OBJC_IMPLICIT_RETAIN_SELF = YES;
				CLANG_WARN_OBJC_LITERAL_CONVERSION = YES;
				CLANG_WARN_OBJC_ROOT_CLASS = YES_ERROR;
				CLANG_WARN_QUOTED_INCLUDE_IN_FRAMEWORK_HEADER = YES;
				CLANG_WARN_RANGE_LOOP_ANALYSIS = YES;
				CLANG_WARN_STRICT_PROTOTYPES = YES;
				CLANG_WARN_SUSPICIOUS_MOVE = YES;
				CLANG_WARN_UNGUARDED_AVAILABILITY = YES_AGGRESSIVE;
				CLANG_WARN_UNREACHABLE_CODE = YES;
				CLANG_WARN__DUPLICATE_METHOD_MATCH = YES;
				COPY_PHASE_STRIP = NO;
				DEBUG_INFORMATION_FORMAT = dwarf;
				DEVELOPMENT_TEAM = 9V6Z58HWDM;
				ENABLE_STRICT_OBJC_MSGSEND = YES;
				ENABLE_TESTABILITY = YES;
				ENABLE_USER_SCRIPT_SANDBOXING = YES;
				GCC_C_LANGUAGE_STANDARD = gnu17;
				GCC_DYNAMIC_NO_PIC = NO;
				GCC_NO_COMMON_BLOCKS = YES;
				GCC_OPTIMIZATION_LEVEL = 0;
				GCC_PREPROCESSOR_DEFINITIONS = (
					"DEBUG=1",
					"$(inherited)",
				);
				GCC_WARN_64_TO_32_BIT_CONVERSION = YES;
				GCC_WARN_ABOUT_RETURN_TYPE = YES_ERROR;
				GCC_WARN_UNDECLARED_SELECTOR = YES;
				GCC_WARN_UNINITIALIZED_AUTOS = YES_AGGRESSIVE;
				GCC_WARN_UNUSED_FUNCTION = YES;
				GCC_WARN_UNUSED_VARIABLE = YES;
				LOCALIZATION_PREFERS_STRING_CATALOGS = YES;
				MTL_ENABLE_DEBUG_INFO = INCLUDE_SOURCE;
				MTL_FAST_MATH = YES;
				ONLY_ACTIVE_ARCH = YES;
				SWIFT_ACTIVE_COMPILATION_CONDITIONS = "DEBUG $(inherited)";
				SWIFT_OPTIMIZATION_LEVEL = "-Onone";
			};
			name = Debug;
		};
		5A3AE39C2E4197D20023CB4C /* Release */ = {
			isa = XCBuildConfiguration;
			buildSettings = {
				ALWAYS_SEARCH_USER_PATHS = NO;
				ASSETCATALOG_COMPILER_GENERATE_SWIFT_ASSET_SYMBOL_EXTENSIONS = YES;
				CLANG_ANALYZER_NONNULL = YES;
				CLANG_ANALYZER_NUMBER_OBJECT_CONVERSION = YES_AGGRESSIVE;
				CLANG_CXX_LANGUAGE_STANDARD = "gnu++20";
				CLANG_ENABLE_MODULES = YES;
				CLANG_ENABLE_OBJC_ARC = YES;
				CLANG_ENABLE_OBJC_WEAK = YES;
				CLANG_WARN_BLOCK_CAPTURE_AUTORELEASING = YES;
				CLANG_WARN_BOOL_CONVERSION = YES;
				CLANG_WARN_COMMA = YES;
				CLANG_WARN_CONSTANT_CONVERSION = YES;
				CLANG_WARN_DEPRECATED_OBJC_IMPLEMENTATIONS = YES;
				CLANG_WARN_DIRECT_OBJC_ISA_USAGE = YES_ERROR;
				CLANG_WARN_DOCUMENTATION_COMMENTS = YES;
				CLANG_WARN_EMPTY_BODY = YES;
				CLANG_WARN_ENUM_CONVERSION = YES;
				CLANG_WARN_INFINITE_RECURSION = YES;
				CLANG_WARN_INT_CONVERSION = YES;
				CLANG_WARN_NON_LITERAL_NULL_CONVERSION = YES;
				CLANG_WARN_OBJC_IMPLICIT_RETAIN_SELF = YES;
				CLANG_WARN_OBJC_LITERAL_CONVERSION = YES;
				CLANG_WARN_OBJC_ROOT_CLASS = YES_ERROR;
				CLANG_WARN_QUOTED_INCLUDE_IN_FRAMEWORK_HEADER = YES;
				CLANG_WARN_RANGE_LOOP_ANALYSIS = YES;
				CLANG_WARN_STRICT_PROTOTYPES = YES;
				CLANG_WARN_SUSPICIOUS_MOVE = YES;
				CLANG_WARN_UNGUARDED_AVAILABILITY = YES_AGGRESSIVE;
				CLANG_WARN_UNREACHABLE_CODE = YES;
				CLANG_WARN__DUPLICATE_METHOD_MATCH = YES;
				COPY_PHASE_STRIP = NO;
				DEBUG_INFORMATION_FORMAT = "dwarf-with-dsym";
				DEVELOPMENT_TEAM = 9V6Z58HWDM;
				ENABLE_NS_ASSERTIONS = NO;
				ENABLE_STRICT_OBJC_MSGSEND = YES;
				ENABLE_USER_SCRIPT_SANDBOXING = YES;
				GCC_C_LANGUAGE_STANDARD = gnu17;
				GCC_NO_COMMON_BLOCKS = YES;
				GCC_WARN_64_TO_32_BIT_CONVERSION = YES;
				GCC_WARN_ABOUT_RETURN_TYPE = YES_ERROR;
				GCC_WARN_UNDECLARED_SELECTOR = YES;
				GCC_WARN_UNINITIALIZED_AUTOS = YES_AGGRESSIVE;
				GCC_WARN_UNUSED_FUNCTION = YES;
				GCC_WARN_UNUSED_VARIABLE = YES;
				LOCALIZATION_PREFERS_STRING_CATALOGS = YES;
				MTL_ENABLE_DEBUG_INFO = NO;
				MTL_FAST_MATH = YES;
				SWIFT_COMPILATION_MODE = wholemodule;
			};
			name = Release;
		};
		5A3AE39E2E4197D20023CB4C /* Debug */ = {
			isa = XCBuildConfiguration;
			buildSettings = {
				ASSETCATALOG_COMPILER_APPICON_NAME = AppIcon;
				ASSETCATALOG_COMPILER_GLOBAL_ACCENT_COLOR_NAME = AccentColor;
				CODE_SIGN_ENTITLEMENTS = "network-monitor/network_monitor.entitlements";
				CODE_SIGN_STYLE = Automatic;
				CURRENT_PROJECT_VERSION = 1;
				DEVELOPMENT_TEAM = 9V6Z58HWDM;
				ENABLE_HARDENED_RUNTIME = YES;
				ENABLE_PREVIEWS = YES;
				GENERATE_INFOPLIST_FILE = YES;
				"INFOPLIST_KEY_UIApplicationSceneManifest_Generation[sdk=iphoneos*]" = YES;
				"INFOPLIST_KEY_UIApplicationSceneManifest_Generation[sdk=iphonesimulator*]" = YES;
				"INFOPLIST_KEY_UIApplicationSupportsIndirectInputEvents[sdk=iphoneos*]" = YES;
				"INFOPLIST_KEY_UIApplicationSupportsIndirectInputEvents[sdk=iphonesimulator*]" = YES;
				"INFOPLIST_KEY_UILaunchScreen_Generation[sdk=iphoneos*]" = YES;
				"INFOPLIST_KEY_UILaunchScreen_Generation[sdk=iphonesimulator*]" = YES;
				"INFOPLIST_KEY_UIStatusBarStyle[sdk=iphoneos*]" = UIStatusBarStyleDefault;
				"INFOPLIST_KEY_UIStatusBarStyle[sdk=iphonesimulator*]" = UIStatusBarStyleDefault;
				INFOPLIST_KEY_UISupportedInterfaceOrientations_iPad = "UIInterfaceOrientationPortrait UIInterfaceOrientationPortraitUpsideDown UIInterfaceOrientationLandscapeLeft UIInterfaceOrientationLandscapeRight";
				INFOPLIST_KEY_UISupportedInterfaceOrientations_iPhone = "UIInterfaceOrientationPortrait UIInterfaceOrientationLandscapeLeft UIInterfaceOrientationLandscapeRight";
				IPHONEOS_DEPLOYMENT_TARGET = 17.0;
				LD_RUNPATH_SEARCH_PATHS = "@executable_path/Frameworks";
				MACOSX_DEPLOYMENT_TARGET = 14.0;
				MARKETING_VERSION = 1.0;
				PRODUCT_BUNDLE_IDENTIFIER = "dddwj.network-monitor";
				PRODUCT_NAME = "$(TARGET_NAME)";
				REGISTER_APP_GROUPS = YES;
				SDKROOT = iphoneos;
				SUPPORTED_PLATFORMS = "iphoneos iphonesimulator";
				SUPPORTS_MACCATALYST = NO;
				SUPPORTS_MAC_DESIGNED_FOR_IPHONE_IPAD = NO;
				SWIFT_EMIT_LOC_STRINGS = YES;
				SWIFT_VERSION = 5.0;
				TARGETED_DEVICE_FAMILY = "1,2";
			};
			name = Debug;
		};
		5A3AE39F2E4197D20023CB4C /* Release */ = {
			isa = XCBuildConfiguration;
			buildSettings = {
				ASSETCATALOG_COMPILER_APPICON_NAME = AppIcon;
				ASSETCATALOG_COMPILER_GLOBAL_ACCENT_COLOR_NAME = AccentColor;
				CODE_SIGN_ENTITLEMENTS = "network-monitor/network_monitor.entitlements";
				CODE_SIGN_STYLE = Automatic;
				CURRENT_PROJECT_VERSION = 1;
				DEVELOPMENT_TEAM = 9V6Z58HWDM;
				ENABLE_HARDENED_RUNTIME = YES;
				ENABLE_PREVIEWS = YES;
				GENERATE_INFOPLIST_FILE = YES;
				"INFOPLIST_KEY_UIApplicationSceneManifest_Generation[sdk=iphoneos*]" = YES;
				"INFOPLIST_KEY_UIApplicationSceneManifest_Generation[sdk=iphonesimulator*]" = YES;
				"INFOPLIST_KEY_UIApplicationSupportsIndirectInputEvents[sdk=iphoneos*]" = YES;
				"INFOPLIST_KEY_UIApplicationSupportsIndirectInputEvents[sdk=iphonesimulator*]" = YES;
				"INFOPLIST_KEY_UILaunchScreen_Generation[sdk=iphoneos*]" = YES;
				"INFOPLIST_KEY_UILaunchScreen_Generation[sdk=iphonesimulator*]" = YES;
				"INFOPLIST_KEY_UIStatusBarStyle[sdk=iphoneos*]" = UIStatusBarStyleDefault;
				"INFOPLIST_KEY_UIStatusBarStyle[sdk=iphonesimulator*]" = UIStatusBarStyleDefault;
				INFOPLIST_KEY_UISupportedInterfaceOrientations_iPad = "UIInterfaceOrientationPortrait UIInterfaceOrientationPortraitUpsideDown UIInterfaceOrientationLandscapeLeft UIInterfaceOrientationLandscapeRight";
				INFOPLIST_KEY_UISupportedInterfaceOrientations_iPhone = "UIInterfaceOrientationPortrait UIInterfaceOrientationLandscapeLeft UIInterfaceOrientationLandscapeRight";
				IPHONEOS_DEPLOYMENT_TARGET = 17.0;
				LD_RUNPATH_SEARCH_PATHS = "@executable_path/Frameworks";
				MACOSX_DEPLOYMENT_TARGET = 14.0;
				MARKETING_VERSION = 1.0;
				PRODUCT_BUNDLE_IDENTIFIER = "dddwj.network-monitor";
				PRODUCT_NAME = "$(TARGET_NAME)";
				REGISTER_APP_GROUPS = YES;
				SDKROOT = iphoneos;
				SUPPORTED_PLATFORMS = "iphoneos iphonesimulator";
				SUPPORTS_MACCATALYST = NO;
				SUPPORTS_MAC_DESIGNED_FOR_IPHONE_IPAD = NO;
				SWIFT_EMIT_LOC_STRINGS = YES;
				SWIFT_VERSION = 5.0;
				TARGETED_DEVICE_FAMILY = "1,2";
			};
			name = Release;
		};
		5A3AE3A12E4197D20023CB4C /* Debug */ = {
			isa = XCBuildConfiguration;
			buildSettings = {
				BUNDLE_LOADER = "$(TEST_HOST)";
				CODE_SIGN_STYLE = Automatic;
				CURRENT_PROJECT_VERSION = 1;
				DEVELOPMENT_TEAM = 9V6Z58HWDM;
				GENERATE_INFOPLIST_FILE = YES;
				IPHONEOS_DEPLOYMENT_TARGET = 17.0;
				MACOSX_DEPLOYMENT_TARGET = 14.0;
				MARKETING_VERSION = 1.0;
				PRODUCT_BUNDLE_IDENTIFIER = "dddwj.network-monitorTests";
				PRODUCT_NAME = "$(TARGET_NAME)";
				SDKROOT = iphoneos;
				SUPPORTED_PLATFORMS = "iphoneos iphonesimulator";
				SWIFT_EMIT_LOC_STRINGS = NO;
				SWIFT_VERSION = 5.0;
				TARGETED_DEVICE_FAMILY = "1,2";
				TEST_HOST = "$(BUILT_PRODUCTS_DIR)/network-monitor.app/$(BUNDLE_EXECUTABLE_FOLDER_PATH)/network-monitor";
			};
			name = Debug;
		};
		5A3AE3A22E4197D20023CB4C /* Release */ = {
			isa = XCBuildConfiguration;
			buildSettings = {
				BUNDLE_LOADER = "$(TEST_HOST)";
				CODE_SIGN_STYLE = Automatic;
				CURRENT_PROJECT_VERSION = 1;
				DEVELOPMENT_TEAM = 9V6Z58HWDM;
				GENERATE_INFOPLIST_FILE = YES;
				IPHONEOS_DEPLOYMENT_TARGET = 17.0;
				MACOSX_DEPLOYMENT_TARGET = 14.0;
				MARKETING_VERSION = 1.0;
				PRODUCT_BUNDLE_IDENTIFIER = "dddwj.network-monitorTests";
				PRODUCT_NAME = "$(TARGET_NAME)";
				SDKROOT = iphoneos;
				SUPPORTED_PLATFORMS = "iphoneos iphonesimulator";
				SWIFT_EMIT_LOC_STRINGS = NO;
				SWIFT_VERSION = 5.0;
				TARGETED_DEVICE_FAMILY = "1,2";
				TEST_HOST = "$(BUILT_PRODUCTS_DIR)/network-monitor.app/$(BUNDLE_EXECUTABLE_FOLDER_PATH)/network-monitor";
			};
			name = Release;
		};
		5A3AE3A42E4197D20023CB4C /* Release */ = {
			isa = XCBuildConfiguration;
			buildSettings = {
				CODE_SIGN_STYLE = Automatic;
				CURRENT_PROJECT_VERSION = 1;
				DEVELOPMENT_TEAM = 9V6Z58HWDM;
				GENERATE_INFOPLIST_FILE = YES;
				IPHONEOS_DEPLOYMENT_TARGET = 17.0;
				MACOSX_DEPLOYMENT_TARGET = 14.0;
				MARKETING_VERSION = 1.0;
				PRODUCT_BUNDLE_IDENTIFIER = "dddwj.network-monitorUITests";
				PRODUCT_NAME = "$(TARGET_NAME)";
				SDKROOT = iphoneos;
				SUPPORTED_PLATFORMS = "iphoneos iphonesimulator";
				SWIFT_EMIT_LOC_STRINGS = NO;
				SWIFT_VERSION = 5.0;
				TARGETED_DEVICE_FAMILY = "1,2";
				TEST_TARGET_NAME = "network-monitor";
			};
			name = Release;
		};
		5A3AE3A52E4197D20023CB4C /* Release */ = {
			isa = XCBuildConfiguration;
			buildSettings = {
				CODE_SIGN_STYLE = Automatic;
				CURRENT_PROJECT_VERSION = 1;
				DEVELOPMENT_TEAM = 9V6Z58HWDM;
				GENERATE_INFOPLIST_FILE = YES;
				IPHONEOS_DEPLOYMENT_TARGET = 17.0;
				MACOSX_DEPLOYMENT_TARGET = 14.0;
				MARKETING_VERSION = 1.0;
				PRODUCT_BUNDLE_IDENTIFIER = "dddwj.network-monitorUITests";
				PRODUCT_NAME = "$(TARGET_NAME)";
				SDKROOT = iphoneos;
				SUPPORTED_PLATFORMS = "iphoneos iphonesimulator";
				SWIFT_EMIT_LOC_STRINGS = NO;
				SWIFT_VERSION = 5.0;
				TARGETED_DEVICE_FAMILY = "1,2";
				TEST_TARGET_NAME = "network-monitor";
			};
			name = Release;
		};
		5A3AE3B32E4197D30023CB4C /* Debug */ = {
			isa = XCBuildConfiguration;
			buildSettings = {
				ASSETCATALOG_COMPILER_GLOBAL_ACCENT_COLOR_NAME = AccentColor;
				ASSETCATALOG_COMPILER_WIDGET_BACKGROUND_COLOR_NAME = WidgetBackground;
				CODE_SIGN_ENTITLEMENTS = NetworkStatsWidget/NetworkStatsWidget.entitlements;
				CODE_SIGN_STYLE = Automatic;
				CURRENT_PROJECT_VERSION = 1;
				DEVELOPMENT_TEAM = 9V6Z58HWDM;
				INFOPLIST_FILE = NetworkStatsWidget/Info.plist;
				INFOPLIST_KEY_CFBundleDisplayName = "Network Stats";
				INFOPLIST_KEY_NSHumanReadableCopyright = "";
				IPHONEOS_DEPLOYMENT_TARGET = 17.0;
				LD_RUNPATH_SEARCH_PATHS = (
					"$(inherited)",
					"@executable_path/Frameworks",
					"@executable_path/../../Frameworks",
				);
				MACOSX_DEPLOYMENT_TARGET = 14.0;
				MARKETING_VERSION = 1.0;
				PRODUCT_BUNDLE_IDENTIFIER = "dddwj.network-monitor.NetworkStatsWidget";
				PRODUCT_NAME = "$(TARGET_NAME)";
				SDKROOT = iphoneos;
				SKIP_INSTALL = YES;
				SUPPORTED_PLATFORMS = "iphoneos iphonesimulator";
				SUPPORTS_MACCATALYST = NO;
				SUPPORTS_MAC_DESIGNED_FOR_IPHONE_IPAD = NO;
				SWIFT_EMIT_LOC_STRINGS = YES;
				SWIFT_VERSION = 5.0;
				TARGETED_DEVICE_FAMILY = "1,2";
			};
			name = Debug;
		};
		5A3AE3B42E4197D30023CB4C /* Release */ = {
			isa = XCBuildConfiguration;
			buildSettings = {
				ASSETCATALOG_COMPILER_GLOBAL_ACCENT_COLOR_NAME = AccentColor;
				ASSETCATALOG_COMPILER_WIDGET_BACKGROUND_COLOR_NAME = WidgetBackground;
				CODE_SIGN_ENTITLEMENTS = NetworkStatsWidget/NetworkStatsWidget.entitlements;
				CODE_SIGN_STYLE = Automatic;
				CURRENT_PROJECT_VERSION = 1;
				DEVELOPMENT_TEAM = 9V6Z58HWDM;
				INFOPLIST_FILE = NetworkStatsWidget/Info.plist;
				INFOPLIST_KEY_CFBundleDisplayName = "Network Stats";
				INFOPLIST_KEY_NSHumanReadableCopyright = "";
				IPHONEOS_DEPLOYMENT_TARGET = 17.0;
				LD_RUNPATH_SEARCH_PATHS = (
					"$(inherited)",
					"@executable_path/Frameworks",
					"@executable_path/../../Frameworks",
				);
				MACOSX_DEPLOYMENT_TARGET = 14.0;
				MARKETING_VERSION = 1.0;
				PRODUCT_BUNDLE_IDENTIFIER = "dddwj.network-monitor.NetworkStatsWidget";
				PRODUCT_NAME = "$(TARGET_NAME)";
				SDKROOT = iphoneos;
				SKIP_INSTALL = YES;
				SUPPORTED_PLATFORMS = "iphoneos iphonesimulator";
				SUPPORTS_MACCATALYST = NO;
				SUPPORTS_MAC_DESIGNED_FOR_IPHONE_IPAD = NO;
				SWIFT_EMIT_LOC_STRINGS = YES;
				SWIFT_VERSION = 5.0;
				TARGETED_DEVICE_FAMILY = "1,2";
			};
			name = Release;
		};
		5A48523F2E419AD800065E79 /* Debug */ = {
			isa = XCBuildConfiguration;
			buildSettings = {
				COPY_PHASE_STRIP = NO;
				GCC_DYNAMIC_NO_PIC = NO;
				GCC_OPTIMIZATION_LEVEL = 0;
				PRODUCT_NAME = "network-monitorUITests";
			};
			name = Debug;
		};
		5A9E22152E41B1BB009C4511 /* Debug */ = {
			isa = XCBuildConfiguration;
			buildSettings = {
				ASSETCATALOG_COMPILER_GLOBAL_ACCENT_COLOR_NAME = AccentColor;
				ASSETCATALOG_COMPILER_WIDGET_BACKGROUND_COLOR_NAME = WidgetBackground;
				CODE_SIGN_STYLE = Automatic;
				CURRENT_PROJECT_VERSION = 1;
				DEVELOPMENT_TEAM = 9V6Z58HWDM;
				GENERATE_INFOPLIST_FILE = YES;
				INFOPLIST_FILE = "network-monitor-widget/Info.plist";
				INFOPLIST_KEY_CFBundleDisplayName = "network-monitor-widget";
				INFOPLIST_KEY_NSHumanReadableCopyright = "";
				IPHONEOS_DEPLOYMENT_TARGET = 18.5;
				LD_RUNPATH_SEARCH_PATHS = (
					"$(inherited)",
					"@executable_path/Frameworks",
					"@executable_path/../../Frameworks",
				);
				MARKETING_VERSION = 1.0;
				PRODUCT_BUNDLE_IDENTIFIER = "dddwj.network-monitor.network-monitor-widget";
				PRODUCT_NAME = "$(TARGET_NAME)";
				SDKROOT = iphoneos;
				SKIP_INSTALL = YES;
				SWIFT_EMIT_LOC_STRINGS = YES;
				SWIFT_VERSION = 5.0;
				TARGETED_DEVICE_FAMILY = "1,2";
			};
			name = Debug;
		};
		5A9E22162E41B1BB009C4511 /* Release */ = {
			isa = XCBuildConfiguration;
			buildSettings = {
				ASSETCATALOG_COMPILER_GLOBAL_ACCENT_COLOR_NAME = AccentColor;
				ASSETCATALOG_COMPILER_WIDGET_BACKGROUND_COLOR_NAME = WidgetBackground;
				CODE_SIGN_STYLE = Automatic;
				CURRENT_PROJECT_VERSION = 1;
				DEVELOPMENT_TEAM = 9V6Z58HWDM;
				GENERATE_INFOPLIST_FILE = YES;
				INFOPLIST_FILE = "network-monitor-widget/Info.plist";
				INFOPLIST_KEY_CFBundleDisplayName = "network-monitor-widget";
				INFOPLIST_KEY_NSHumanReadableCopyright = "";
				IPHONEOS_DEPLOYMENT_TARGET = 18.5;
				LD_RUNPATH_SEARCH_PATHS = (
					"$(inherited)",
					"@executable_path/Frameworks",
					"@executable_path/../../Frameworks",
				);
				MARKETING_VERSION = 1.0;
				PRODUCT_BUNDLE_IDENTIFIER = "dddwj.network-monitor.network-monitor-widget";
				PRODUCT_NAME = "$(TARGET_NAME)";
				SDKROOT = iphoneos;
				SKIP_INSTALL = YES;
				SWIFT_EMIT_LOC_STRINGS = YES;
				SWIFT_VERSION = 5.0;
				TARGETED_DEVICE_FAMILY = "1,2";
				VALIDATE_PRODUCT = YES;
			};
			name = Release;
		};
/* End XCBuildConfiguration section */

/* Begin XCConfigurationList section */
		5A3AE3762E4197D10023CB4C /* Build configuration list for PBXProject "network-monitor" */ = {
			isa = XCConfigurationList;
			buildConfigurations = (
				5A3AE39B2E4197D20023CB4C /* Debug */,
				5A3AE39C2E4197D20023CB4C /* Release */,
			);
			defaultConfigurationIsVisible = 0;
			defaultConfigurationName = Release;
		};
		5A3AE39D2E4197D20023CB4C /* Build configuration list for PBXNativeTarget "network-monitor" */ = {
			isa = XCConfigurationList;
			buildConfigurations = (
				5A3AE39E2E4197D20023CB4C /* Debug */,
				5A3AE39F2E4197D20023CB4C /* Release */,
			);
			defaultConfigurationIsVisible = 0;
			defaultConfigurationName = Release;
		};
		5A3AE3A02E4197D20023CB4C /* Build configuration list for PBXNativeTarget "network-monitorTests" */ = {
			isa = XCConfigurationList;
			buildConfigurations = (
				5A3AE3A12E4197D20023CB4C /* Debug */,
				5A3AE3A22E4197D20023CB4C /* Release */,
			);
			defaultConfigurationIsVisible = 0;
			defaultConfigurationName = Release;
		};
		5A3AE3A32E4197D20023CB4C /* Build configuration list for PBXNativeTarget "network-monitorUITests" */ = {
			isa = XCConfigurationList;
			buildConfigurations = (
				5A3AE3A42E4197D20023CB4C /* Release */,
				5A3AE3A52E4197D20023CB4C /* Release */,
				5A48523F2E419AD800065E79 /* Debug */,
			);
			defaultConfigurationIsVisible = 0;
			defaultConfigurationName = Release;
		};
		5A3AE3B22E4197D30023CB4C /* Build configuration list for PBXNativeTarget "NetworkStatsWidget" */ = {
			isa = XCConfigurationList;
			buildConfigurations = (
				5A3AE3B32E4197D30023CB4C /* Debug */,
				5A3AE3B42E4197D30023CB4C /* Release */,
			);
			defaultConfigurationIsVisible = 0;
			defaultConfigurationName = Release;
		};
		5A9E22142E41B1BB009C4511 /* Build configuration list for PBXNativeTarget "network-monitor-widgetExtension" */ = {
			isa = XCConfigurationList;
			buildConfigurations = (
				5A9E22152E41B1BB009C4511 /* Debug */,
				5A9E22162E41B1BB009C4511 /* Release */,
			);
			defaultConfigurationIsVisible = 0;
			defaultConfigurationName = Release;
		};
/* End XCConfigurationList section */
	};
	rootObject = 5A3AE3732E4197D10023CB4C /* Project object */;
}
